
Microsoft Visual Studio Solution File, Format Version 12.00
# Visual Studio Version 16
VisualStudioVersion = 16.0.28803.452
MinimumVisualStudioVersion = 10.0.40219.1
Project("{9A19103F-16F7-4668-BE54-9A1E7A4F7556}") = "UnmanagedArray", "UnmanagedArray\UnmanagedArray.csproj", "{52B954A6-92FB-4074-9255-E6E3EAB5C1C0}"
EndProject
Project("{FAE04EC0-301F-11D3-BF4B-00C04F79EFBC}") = "Test", "Test\Test.csproj", "{E1C14DCC-1BE5-4697-9B08-0B72D15217D7}"
EndProject
Global
	GlobalSection(SolutionConfigurationPlatforms) = preSolution
		Debug|Any CPU = Debug|Any CPU
		Release|Any CPU = Release|Any CPU
	EndGlobalSection
	GlobalSection(ProjectConfigurationPlatforms) = postSolution
		{52B954A6-92FB-4074-9255-E6E3EAB5C1C0}.Debug|Any CPU.ActiveCfg = Debug|Any CPU
		{52B954A6-92FB-4074-9255-E6E3EAB5C1C0}.Debug|Any CPU.Build.0 = Debug|Any CPU
		{52B954A6-92FB-4074-9255-E6E3EAB5C1C0}.Release|Any CPU.ActiveCfg = Release|Any CPU
		{52B954A6-92FB-4074-9255-E6E3EAB5C1C0}.Release|Any CPU.Build.0 = Release|Any CPU
		{E1C14DCC-1BE5-4697-9B08-0B72D15217D7}.Debug|Any CPU.ActiveCfg = Debug|Any CPU
		{E1C14DCC-1BE5-4697-9B08-0B72D15217D7}.Debug|Any CPU.Build.0 = Debug|Any CPU
		{E1C14DCC-1BE5-4697-9B08-0B72D15217D7}.Release|Any CPU.ActiveCfg = Release|Any CPU
		{E1C14DCC-1BE5-4697-9B08-0B72D15217D7}.Release|Any CPU.Build.0 = Release|Any CPU
	EndGlobalSection
	GlobalSection(SolutionProperties) = preSolution
		HideSolutionNode = FALSE
	EndGlobalSection
	GlobalSection(ExtensibilityGlobals) = postSolution
		SolutionGuid = {7F451E0E-0697-4BCF-9A5C-3FE7C9FD2FBC}
	EndGlobalSection
EndGlobal
